
Microsoft Visual Studio Solution File, Format Version 12.00
# Visual Studio Version 16
VisualStudioVersion = 16.0.30204.135
MinimumVisualStudioVersion = 10.0.40219.1
Project("{9A19103F-16F7-4668-BE54-9A1E7A4F7556}") = "Nick.InferenceEngine.Net", "Nick.InferenceEngine.Net\Nick.InferenceEngine.Net.csproj", "{24ACF503-70BB-4FA3-9292-52266D2F8B76}"
EndProject
Project("{2150E333-8FDC-42A3-9474-1A3956D46DE8}") = "Solution Items", "Solution Items", "{D33E1647-DB71-427E-8186-748C909327E4}"
	ProjectSection(SolutionItems) = preProject
		Directory.Build.props = Directory.Build.props
		global.json = global.json
		version.json = version.json
	EndProjectSection
EndProject
Project("{2150E333-8FDC-42A3-9474-1A3956D46DE8}") = ".github", ".github", "{59B3DCF6-9B01-4193-983E-F34756A387A4}"
EndProject
Project("{2150E333-8FDC-42A3-9474-1A3956D46DE8}") = "workflows", "workflows", "{A3431EFA-6AE7-4D19-9CB4-F5DBA81C94F3}"
	ProjectSection(SolutionItems) = preProject
		.github\workflows\build-packages.yml = .github\workflows\build-packages.yml
	EndProjectSection
EndProject
Project("{9A19103F-16F7-4668-BE54-9A1E7A4F7556}") = "Nick.Inference", "Nick.Inference\Nick.Inference.csproj", "{D37F21C5-A0BD-41C1-8C38-67E6CD15531F}"
EndProject
Project("{9A19103F-16F7-4668-BE54-9A1E7A4F7556}") = "Nick.FFMpeg.Net", "Nick.FFMpeg.Net\Nick.FFMpeg.Net.csproj", "{851558D0-359C-4609-8469-08CED290F682}"
EndProject
Project("{9A19103F-16F7-4668-BE54-9A1E7A4F7556}") = "ImageDetection", "ImageDetection\ImageDetection.csproj", "{72E1DB04-BD7B-44A6-B7FA-D4DC05E73346}"
EndProject
Project("{6EC3EE1D-3C4E-46DD-8F32-0CC8E7565705}") = "ImageDetectionFSharp", "ImageDetectionFSharp\ImageDetectionFSharp.fsproj", "{7666B8C3-9F8B-4115-8014-31FC466BC759}"
EndProject
Project("{F2A71F9B-5D33-465A-A702-920D77279786}") = "VideoDetectionFSharp", "VideoDetectionFSharp\VideoDetectionFSharp.fsproj", "{666ED0ED-A040-4479-9BB3-C2EBEC3E5883}"
EndProject
Project("{FAE04EC0-301F-11D3-BF4B-00C04F79EFBC}") = "VideoDetection", "VideoDetection\VideoDetection.csproj", "{DC8318ED-8472-40AA-8698-BA97376FC0FB}"
EndProject
Global
	GlobalSection(SolutionConfigurationPlatforms) = preSolution
		Debug|Any CPU = Debug|Any CPU
		Release|Any CPU = Release|Any CPU
	EndGlobalSection
	GlobalSection(ProjectConfigurationPlatforms) = postSolution
		{24ACF503-70BB-4FA3-9292-52266D2F8B76}.Debug|Any CPU.ActiveCfg = Debug|Any CPU
		{24ACF503-70BB-4FA3-9292-52266D2F8B76}.Debug|Any CPU.Build.0 = Debug|Any CPU
		{24ACF503-70BB-4FA3-9292-52266D2F8B76}.Release|Any CPU.ActiveCfg = Release|Any CPU
		{24ACF503-70BB-4FA3-9292-52266D2F8B76}.Release|Any CPU.Build.0 = Release|Any CPU
		{D37F21C5-A0BD-41C1-8C38-67E6CD15531F}.Debug|Any CPU.ActiveCfg = Debug|Any CPU
		{D37F21C5-A0BD-41C1-8C38-67E6CD15531F}.Debug|Any CPU.Build.0 = Debug|Any CPU
		{D37F21C5-A0BD-41C1-8C38-67E6CD15531F}.Release|Any CPU.ActiveCfg = Release|Any CPU
		{D37F21C5-A0BD-41C1-8C38-67E6CD15531F}.Release|Any CPU.Build.0 = Release|Any CPU
		{851558D0-359C-4609-8469-08CED290F682}.Debug|Any CPU.ActiveCfg = Debug|Any CPU
		{851558D0-359C-4609-8469-08CED290F682}.Debug|Any CPU.Build.0 = Debug|Any CPU
		{851558D0-359C-4609-8469-08CED290F682}.Release|Any CPU.ActiveCfg = Release|Any CPU
		{851558D0-359C-4609-8469-08CED290F682}.Release|Any CPU.Build.0 = Release|Any CPU
		{72E1DB04-BD7B-44A6-B7FA-D4DC05E73346}.Debug|Any CPU.ActiveCfg = Debug|Any CPU
		{72E1DB04-BD7B-44A6-B7FA-D4DC05E73346}.Debug|Any CPU.Build.0 = Debug|Any CPU
		{72E1DB04-BD7B-44A6-B7FA-D4DC05E73346}.Release|Any CPU.ActiveCfg = Release|Any CPU
		{72E1DB04-BD7B-44A6-B7FA-D4DC05E73346}.Release|Any CPU.Build.0 = Release|Any CPU
		{7666B8C3-9F8B-4115-8014-31FC466BC759}.Debug|Any CPU.ActiveCfg = Debug|Any CPU
		{7666B8C3-9F8B-4115-8014-31FC466BC759}.Debug|Any CPU.Build.0 = Debug|Any CPU
		{7666B8C3-9F8B-4115-8014-31FC466BC759}.Release|Any CPU.ActiveCfg = Release|Any CPU
		{7666B8C3-9F8B-4115-8014-31FC466BC759}.Release|Any CPU.Build.0 = Release|Any CPU
		{666ED0ED-A040-4479-9BB3-C2EBEC3E5883}.Debug|Any CPU.ActiveCfg = Debug|Any CPU
		{666ED0ED-A040-4479-9BB3-C2EBEC3E5883}.Debug|Any CPU.Build.0 = Debug|Any CPU
		{666ED0ED-A040-4479-9BB3-C2EBEC3E5883}.Release|Any CPU.ActiveCfg = Release|Any CPU
		{666ED0ED-A040-4479-9BB3-C2EBEC3E5883}.Release|Any CPU.Build.0 = Release|Any CPU
		{DC8318ED-8472-40AA-8698-BA97376FC0FB}.Debug|Any CPU.ActiveCfg = Debug|Any CPU
		{DC8318ED-8472-40AA-8698-BA97376FC0FB}.Debug|Any CPU.Build.0 = Debug|Any CPU
		{DC8318ED-8472-40AA-8698-BA97376FC0FB}.Release|Any CPU.ActiveCfg = Release|Any CPU
		{DC8318ED-8472-40AA-8698-BA97376FC0FB}.Release|Any CPU.Build.0 = Release|Any CPU
	EndGlobalSection
	GlobalSection(SolutionProperties) = preSolution
		HideSolutionNode = FALSE
	EndGlobalSection
	GlobalSection(NestedProjects) = preSolution
		{A3431EFA-6AE7-4D19-9CB4-F5DBA81C94F3} = {59B3DCF6-9B01-4193-983E-F34756A387A4}
	EndGlobalSection
	GlobalSection(ExtensibilityGlobals) = postSolution
		SolutionGuid = {4A218C33-F8B9-4D6B-AEDF-0FBF9F7CCD90}
	EndGlobalSection
EndGlobal
